
Microsoft Visual Studio Solution File, Format Version 12.00
# Visual Studio 14
VisualStudioVersion = 14.0.25420.1
MinimumVisualStudioVersion = 10.0.40219.1
Project("{FAE04EC0-301F-11D3-BF4B-00C04F79EFBC}") = "CDN.FilePuller", "CDN.FilePuller\CDN.FilePuller.csproj", "{5EAFDAF4-D708-4191-B981-0DC30918E4EC}"
EndProject
Project("{FAE04EC0-301F-11D3-BF4B-00C04F79EFBC}") = "CDN.FileServer", "CDN.FileServer\CDN.FileServer.csproj", "{E4869F65-8FCD-4F16-8C99-84857C4FD0DA}"
EndProject
Project("{FAE04EC0-301F-11D3-BF4B-00C04F79EFBC}") = "CDN.FileEnqueuer", "CDN.FileEnqueuer\CDN.FileEnqueuer.csproj", "{B3D0BCCF-2E05-45BE-A661-D2C37E6A7977}"
EndProject
Project("{FAE04EC0-301F-11D3-BF4B-00C04F79EFBC}") = "CDN.Test", "CDN.Test\CDN.Test.csproj", "{4E23D57F-26F8-4F49-B13D-5890D19068E7}"
EndProject
Project("{FAE04EC0-301F-11D3-BF4B-00C04F79EFBC}") = "CDN.Infrastructure", "CDN.Infrastructure\CDN.Infrastructure.csproj", "{1FC02C86-EDAB-456A-BF53-8A65D4E182E4}"
EndProject
Project("{FAE04EC0-301F-11D3-BF4B-00C04F79EFBC}") = "CDN.ConsoleApp", "CDN.ConsoleApp\CDN.ConsoleApp.csproj", "{07386501-CFD3-47AA-BCB5-EBF89B1BA29F}"
EndProject
Global
	GlobalSection(SolutionConfigurationPlatforms) = preSolution
		Debug|Any CPU = Debug|Any CPU
		Release|Any CPU = Release|Any CPU
	EndGlobalSection
	GlobalSection(ProjectConfigurationPlatforms) = postSolution
		{5EAFDAF4-D708-4191-B981-0DC30918E4EC}.Debug|Any CPU.ActiveCfg = Debug|Any CPU
		{5EAFDAF4-D708-4191-B981-0DC30918E4EC}.Debug|Any CPU.Build.0 = Debug|Any CPU
		{5EAFDAF4-D708-4191-B981-0DC30918E4EC}.Release|Any CPU.ActiveCfg = Release|Any CPU
		{5EAFDAF4-D708-4191-B981-0DC30918E4EC}.Release|Any CPU.Build.0 = Release|Any CPU
		{E4869F65-8FCD-4F16-8C99-84857C4FD0DA}.Debug|Any CPU.ActiveCfg = Debug|Any CPU
		{E4869F65-8FCD-4F16-8C99-84857C4FD0DA}.Debug|Any CPU.Build.0 = Debug|Any CPU
		{E4869F65-8FCD-4F16-8C99-84857C4FD0DA}.Release|Any CPU.ActiveCfg = Release|Any CPU
		{E4869F65-8FCD-4F16-8C99-84857C4FD0DA}.Release|Any CPU.Build.0 = Release|Any CPU
		{B3D0BCCF-2E05-45BE-A661-D2C37E6A7977}.Debug|Any CPU.ActiveCfg = Debug|Any CPU
		{B3D0BCCF-2E05-45BE-A661-D2C37E6A7977}.Debug|Any CPU.Build.0 = Debug|Any CPU
		{B3D0BCCF-2E05-45BE-A661-D2C37E6A7977}.Release|Any CPU.ActiveCfg = Release|Any CPU
		{B3D0BCCF-2E05-45BE-A661-D2C37E6A7977}.Release|Any CPU.Build.0 = Release|Any CPU
		{4E23D57F-26F8-4F49-B13D-5890D19068E7}.Debug|Any CPU.ActiveCfg = Debug|Any CPU
		{4E23D57F-26F8-4F49-B13D-5890D19068E7}.Debug|Any CPU.Build.0 = Debug|Any CPU
		{4E23D57F-26F8-4F49-B13D-5890D19068E7}.Release|Any CPU.ActiveCfg = Release|Any CPU
		{4E23D57F-26F8-4F49-B13D-5890D19068E7}.Release|Any CPU.Build.0 = Release|Any CPU
		{1FC02C86-EDAB-456A-BF53-8A65D4E182E4}.Debug|Any CPU.ActiveCfg = Debug|Any CPU
		{1FC02C86-EDAB-456A-BF53-8A65D4E182E4}.Debug|Any CPU.Build.0 = Debug|Any CPU
		{1FC02C86-EDAB-456A-BF53-8A65D4E182E4}.Release|Any CPU.ActiveCfg = Release|Any CPU
		{1FC02C86-EDAB-456A-BF53-8A65D4E182E4}.Release|Any CPU.Build.0 = Release|Any CPU
		{07386501-CFD3-47AA-BCB5-EBF89B1BA29F}.Debug|Any CPU.ActiveCfg = Debug|Any CPU
		{07386501-CFD3-47AA-BCB5-EBF89B1BA29F}.Debug|Any CPU.Build.0 = Debug|Any CPU
		{07386501-CFD3-47AA-BCB5-EBF89B1BA29F}.Release|Any CPU.ActiveCfg = Release|Any CPU
		{07386501-CFD3-47AA-BCB5-EBF89B1BA29F}.Release|Any CPU.Build.0 = Release|Any CPU
	EndGlobalSection
	GlobalSection(SolutionProperties) = preSolution
		HideSolutionNode = FALSE
	EndGlobalSection
	GlobalSection(TeamFoundationVersionControl) = preSolution
		SccNumberOfProjects = 7
		SccEnterpriseProvider = {4CA58AB2-18FA-4F8D-95D4-32DDF27D184C}
		SccTeamFoundationServer = http://dev.istudy.sh.cn:8080/tfs/defaultcollection
		SccLocalPath0 = .
		SccProjectUniqueName1 = CDN.FilePuller\\CDN.FilePuller.csproj
		SccProjectName1 = CDN.FilePuller
		SccLocalPath1 = CDN.FilePuller
		SccProjectUniqueName2 = CDN.FileServer\\CDN.FileServer.csproj
		SccProjectName2 = CDN.FileServer
		SccLocalPath2 = CDN.FileServer
		SccProjectUniqueName3 = CDN.FileEnqueuer\\CDN.FileEnqueuer.csproj
		SccProjectName3 = CDN.FileEnqueuer
		SccLocalPath3 = CDN.FileEnqueuer
		SccProjectUniqueName4 = CDN.Test\\CDN.Test.csproj
		SccProjectName4 = CDN.Test
		SccLocalPath4 = CDN.Test
		SccProjectUniqueName5 = CDN.Infrastructure\\CDN.Infrastructure.csproj
		SccProjectName5 = CDN.Infrastructure
		SccLocalPath5 = CDN.Infrastructure
		SccProjectUniqueName6 = CDN.ConsoleApp\\CDN.ConsoleApp.csproj
		SccProjectName6 = CDN.ConsoleApp
		SccLocalPath6 = CDN.ConsoleApp
	EndGlobalSection
EndGlobal
