
Microsoft Visual Studio Solution File, Format Version 12.00
# Visual Studio 14
VisualStudioVersion = 14.0.25420.1
MinimumVisualStudioVersion = 10.0.40219.1
Project("{FAE04EC0-301F-11D3-BF4B-00C04F79EFBC}") = "CDN.FilePuller", "CDN.FilePuller\CDN.FilePuller.csproj", "{5EAFDAF4-D708-4191-B981-0DC30918E4EC}"
EndProject
Project("{FAE04EC0-301F-11D3-BF4B-00C04F79EFBC}") = "CDN.FileServer", "CDN.FileServer\CDN.FileServer.csproj", "{E4869F65-8FCD-4F16-8C99-84857C4FD0DA}"
EndProject
Project("{FAE04EC0-301F-11D3-BF4B-00C04F79EFBC}") = "CDN.FileEnqueuer", "CDN.FileEnqueuer\CDN.FileEnqueuer.csproj", "{B3D0BCCF-2E05-45BE-A661-D2C37E6A7977}"
EndProject
Project("{FAE04EC0-301F-11D3-BF4B-00C04F79EFBC}") = "CDN.Test", "CDN.Test\CDN.Test.csproj", "{4E23D57F-26F8-4F49-B13D-5890D19068E7}"
EndProject
Project("{FAE04EC0-301F-11D3-BF4B-00C04F79EFBC}") = "CDN.Infrastructure", "CDN.Infrastructure\CDN.Infrastructure.csproj", "{1FC02C86-EDAB-456A-BF53-8A65D4E182E4}"
EndProject
Project("{FAE04EC0-301F-11D3-BF4B-00C04F79EFBC}") = "CDN.ConsoleApp", "CDN.ConsoleApp\CDN.ConsoleApp.csproj", "{07386501-CFD3-47AA-BCB5-EBF89B1BA29F}"
EndProject
Project("{FAE04EC0-301F-11D3-BF4B-00C04F79EFBC}") = "CDN.Test.Standalone", "CDN.Test.Standalone\CDN.Test.Standalone.csproj", "{163CF72C-8FD3-4FCE-911F-560B8730A2C5}"
EndProject
Project("{FAE04EC0-301F-11D3-BF4B-00C04F79EFBC}") = "CDN.Web", "CDN.Web\CDN.Web.csproj", "{A0F55F66-BD51-4208-8E28-D6CD40890302}"
EndProject
Global
	GlobalSection(SolutionConfigurationPlatforms) = preSolution
		Debug|Any CPU = Debug|Any CPU
		Release|Any CPU = Release|Any CPU
	EndGlobalSection
	GlobalSection(ProjectConfigurationPlatforms) = postSolution
		{5EAFDAF4-D708-4191-B981-0DC30918E4EC}.Debug|Any CPU.ActiveCfg = Debug|Any CPU
		{5EAFDAF4-D708-4191-B981-0DC30918E4EC}.Debug|Any CPU.Build.0 = Debug|Any CPU
		{5EAFDAF4-D708-4191-B981-0DC30918E4EC}.Release|Any CPU.ActiveCfg = Release|Any CPU
		{5EAFDAF4-D708-4191-B981-0DC30918E4EC}.Release|Any CPU.Build.0 = Release|Any CPU
		{E4869F65-8FCD-4F16-8C99-84857C4FD0DA}.Debug|Any CPU.ActiveCfg = Debug|Any CPU
		{E4869F65-8FCD-4F16-8C99-84857C4FD0DA}.Debug|Any CPU.Build.0 = Debug|Any CPU
		{E4869F65-8FCD-4F16-8C99-84857C4FD0DA}.Release|Any CPU.ActiveCfg = Release|Any CPU
		{E4869F65-8FCD-4F16-8C99-84857C4FD0DA}.Release|Any CPU.Build.0 = Release|Any CPU
		{B3D0BCCF-2E05-45BE-A661-D2C37E6A7977}.Debug|Any CPU.ActiveCfg = Debug|Any CPU
		{B3D0BCCF-2E05-45BE-A661-D2C37E6A7977}.Debug|Any CPU.Build.0 = Debug|Any CPU
		{B3D0BCCF-2E05-45BE-A661-D2C37E6A7977}.Release|Any CPU.ActiveCfg = Release|Any CPU
		{B3D0BCCF-2E05-45BE-A661-D2C37E6A7977}.Release|Any CPU.Build.0 = Release|Any CPU
		{4E23D57F-26F8-4F49-B13D-5890D19068E7}.Debug|Any CPU.ActiveCfg = Debug|Any CPU
		{4E23D57F-26F8-4F49-B13D-5890D19068E7}.Debug|Any CPU.Build.0 = Debug|Any CPU
		{4E23D57F-26F8-4F49-B13D-5890D19068E7}.Release|Any CPU.ActiveCfg = Release|Any CPU
		{4E23D57F-26F8-4F49-B13D-5890D19068E7}.Release|Any CPU.Build.0 = Release|Any CPU
		{1FC02C86-EDAB-456A-BF53-8A65D4E182E4}.Debug|Any CPU.ActiveCfg = Debug|Any CPU
		{1FC02C86-EDAB-456A-BF53-8A65D4E182E4}.Debug|Any CPU.Build.0 = Debug|Any CPU
		{1FC02C86-EDAB-456A-BF53-8A65D4E182E4}.Release|Any CPU.ActiveCfg = Release|Any CPU
		{1FC02C86-EDAB-456A-BF53-8A65D4E182E4}.Release|Any CPU.Build.0 = Release|Any CPU
		{07386501-CFD3-47AA-BCB5-EBF89B1BA29F}.Debug|Any CPU.ActiveCfg = Debug|Any CPU
		{07386501-CFD3-47AA-BCB5-EBF89B1BA29F}.Debug|Any CPU.Build.0 = Debug|Any CPU
		{07386501-CFD3-47AA-BCB5-EBF89B1BA29F}.Release|Any CPU.ActiveCfg = Release|Any CPU
		{07386501-CFD3-47AA-BCB5-EBF89B1BA29F}.Release|Any CPU.Build.0 = Release|Any CPU
		{163CF72C-8FD3-4FCE-911F-560B8730A2C5}.Debug|Any CPU.ActiveCfg = Debug|Any CPU
		{163CF72C-8FD3-4FCE-911F-560B8730A2C5}.Debug|Any CPU.Build.0 = Debug|Any CPU
		{163CF72C-8FD3-4FCE-911F-560B8730A2C5}.Release|Any CPU.ActiveCfg = Release|Any CPU
		{163CF72C-8FD3-4FCE-911F-560B8730A2C5}.Release|Any CPU.Build.0 = Release|Any CPU
		{A0F55F66-BD51-4208-8E28-D6CD40890302}.Debug|Any CPU.ActiveCfg = Debug|Any CPU
		{A0F55F66-BD51-4208-8E28-D6CD40890302}.Debug|Any CPU.Build.0 = Debug|Any CPU
		{A0F55F66-BD51-4208-8E28-D6CD40890302}.Release|Any CPU.ActiveCfg = Release|Any CPU
		{A0F55F66-BD51-4208-8E28-D6CD40890302}.Release|Any CPU.Build.0 = Release|Any CPU
	EndGlobalSection
	GlobalSection(SolutionProperties) = preSolution
		HideSolutionNode = FALSE
	EndGlobalSection
EndGlobal
